
Microsoft Visual Studio Solution File, Format Version 12.00
# Visual Studio 2013
VisualStudioVersion = 12.0.40629.0
MinimumVisualStudioVersion = 10.0.40219.1
Project("{2150E333-8FDC-42A3-9474-1A3956D46DE8}") = "Business", "Business", "{A24D8BD3-FC90-4B23-82DB-D1643E43D087}"
EndProject
Project("{2150E333-8FDC-42A3-9474-1A3956D46DE8}") = "Repository", "Repository", "{A716E7AF-85C2-4FBC-98C5-1B47EB7CA4F1}"
EndProject
Project("{FAE04EC0-301F-11D3-BF4B-00C04F79EFBC}") = "SampleBusiness", "SampleBusiness\SampleBusiness.csproj", "{67EF040E-E0E1-4621-B02E-D2F525B47B98}"
EndProject
Project("{FAE04EC0-301F-11D3-BF4B-00C04F79EFBC}") = "SampleRepository", "SampleRepository\SampleRepository.csproj", "{7A81FC86-9759-4826-A0B9-4FE9F9DD4840}"
EndProject
Project("{2150E333-8FDC-42A3-9474-1A3956D46DE8}") = "Domain", "Domain", "{80B67C33-82DD-45C1-95FE-6D1E1947ABC4}"
EndProject
Project("{FAE04EC0-301F-11D3-BF4B-00C04F79EFBC}") = "SampleDomain", "SampleDomain\SampleDomain.csproj", "{2E7143E0-1FBE-42D4-BB9B-365CE4660EF3}"
EndProject
Project("{2150E333-8FDC-42A3-9474-1A3956D46DE8}") = "DataContracts", "DataContracts", "{B9CCE4F3-E9D8-428D-90D6-B8AA2635EC0D}"
EndProject
Project("{FAE04EC0-301F-11D3-BF4B-00C04F79EFBC}") = "SampleDataContracts", "SampleDataContracts\SampleDataContracts.csproj", "{61BBA46B-5FA6-4C34-BA16-95061746B09A}"
EndProject
Project("{2150E333-8FDC-42A3-9474-1A3956D46DE8}") = "Core", "Core", "{7416F6DA-72BC-4144-9600-76D6CE3596C1}"
EndProject
Project("{FAE04EC0-301F-11D3-BF4B-00C04F79EFBC}") = "Core", "Core\Core.csproj", "{B609005F-A620-43BE-8BDD-754F2FD0A4EB}"
EndProject
Project("{2150E333-8FDC-42A3-9474-1A3956D46DE8}") = "DomainMappings", "DomainMappings", "{70BA8410-7E66-4B67-9031-D6A1D1576A16}"
EndProject
Project("{FAE04EC0-301F-11D3-BF4B-00C04F79EFBC}") = "DomainMappings", "DomainMappings\DomainMappings.csproj", "{BE97728B-04BD-4E00-A04C-4E1041AD6987}"
EndProject
Project("{2150E333-8FDC-42A3-9474-1A3956D46DE8}") = "Service", "Service", "{282EB987-2042-4562-BA01-278F979154A0}"
EndProject
Project("{FAE04EC0-301F-11D3-BF4B-00C04F79EFBC}") = "SampleService", "SampleService\SampleService.csproj", "{F006F612-6179-4EF9-90BC-CCF92EE8EE4F}"
EndProject
Global
	GlobalSection(SolutionConfigurationPlatforms) = preSolution
		Debug|Any CPU = Debug|Any CPU
		Release|Any CPU = Release|Any CPU
	EndGlobalSection
	GlobalSection(ProjectConfigurationPlatforms) = postSolution
		{67EF040E-E0E1-4621-B02E-D2F525B47B98}.Debug|Any CPU.ActiveCfg = Debug|Any CPU
		{67EF040E-E0E1-4621-B02E-D2F525B47B98}.Debug|Any CPU.Build.0 = Debug|Any CPU
		{67EF040E-E0E1-4621-B02E-D2F525B47B98}.Release|Any CPU.ActiveCfg = Release|Any CPU
		{67EF040E-E0E1-4621-B02E-D2F525B47B98}.Release|Any CPU.Build.0 = Release|Any CPU
		{7A81FC86-9759-4826-A0B9-4FE9F9DD4840}.Debug|Any CPU.ActiveCfg = Debug|Any CPU
		{7A81FC86-9759-4826-A0B9-4FE9F9DD4840}.Debug|Any CPU.Build.0 = Debug|Any CPU
		{7A81FC86-9759-4826-A0B9-4FE9F9DD4840}.Release|Any CPU.ActiveCfg = Release|Any CPU
		{7A81FC86-9759-4826-A0B9-4FE9F9DD4840}.Release|Any CPU.Build.0 = Release|Any CPU
		{2E7143E0-1FBE-42D4-BB9B-365CE4660EF3}.Debug|Any CPU.ActiveCfg = Debug|Any CPU
		{2E7143E0-1FBE-42D4-BB9B-365CE4660EF3}.Debug|Any CPU.Build.0 = Debug|Any CPU
		{2E7143E0-1FBE-42D4-BB9B-365CE4660EF3}.Release|Any CPU.ActiveCfg = Release|Any CPU
		{2E7143E0-1FBE-42D4-BB9B-365CE4660EF3}.Release|Any CPU.Build.0 = Release|Any CPU
		{61BBA46B-5FA6-4C34-BA16-95061746B09A}.Debug|Any CPU.ActiveCfg = Debug|Any CPU
		{61BBA46B-5FA6-4C34-BA16-95061746B09A}.Debug|Any CPU.Build.0 = Debug|Any CPU
		{61BBA46B-5FA6-4C34-BA16-95061746B09A}.Release|Any CPU.ActiveCfg = Release|Any CPU
		{61BBA46B-5FA6-4C34-BA16-95061746B09A}.Release|Any CPU.Build.0 = Release|Any CPU
		{B609005F-A620-43BE-8BDD-754F2FD0A4EB}.Debug|Any CPU.ActiveCfg = Debug|Any CPU
		{B609005F-A620-43BE-8BDD-754F2FD0A4EB}.Debug|Any CPU.Build.0 = Debug|Any CPU
		{B609005F-A620-43BE-8BDD-754F2FD0A4EB}.Release|Any CPU.ActiveCfg = Release|Any CPU
		{B609005F-A620-43BE-8BDD-754F2FD0A4EB}.Release|Any CPU.Build.0 = Release|Any CPU
		{BE97728B-04BD-4E00-A04C-4E1041AD6987}.Debug|Any CPU.ActiveCfg = Debug|Any CPU
		{BE97728B-04BD-4E00-A04C-4E1041AD6987}.Debug|Any CPU.Build.0 = Debug|Any CPU
		{BE97728B-04BD-4E00-A04C-4E1041AD6987}.Release|Any CPU.ActiveCfg = Release|Any CPU
		{BE97728B-04BD-4E00-A04C-4E1041AD6987}.Release|Any CPU.Build.0 = Release|Any CPU
		{F006F612-6179-4EF9-90BC-CCF92EE8EE4F}.Debug|Any CPU.ActiveCfg = Debug|Any CPU
		{F006F612-6179-4EF9-90BC-CCF92EE8EE4F}.Debug|Any CPU.Build.0 = Debug|Any CPU
		{F006F612-6179-4EF9-90BC-CCF92EE8EE4F}.Release|Any CPU.ActiveCfg = Release|Any CPU
		{F006F612-6179-4EF9-90BC-CCF92EE8EE4F}.Release|Any CPU.Build.0 = Release|Any CPU
	EndGlobalSection
	GlobalSection(SolutionProperties) = preSolution
		HideSolutionNode = FALSE
	EndGlobalSection
	GlobalSection(NestedProjects) = preSolution
		{67EF040E-E0E1-4621-B02E-D2F525B47B98} = {A24D8BD3-FC90-4B23-82DB-D1643E43D087}
		{7A81FC86-9759-4826-A0B9-4FE9F9DD4840} = {A716E7AF-85C2-4FBC-98C5-1B47EB7CA4F1}
		{2E7143E0-1FBE-42D4-BB9B-365CE4660EF3} = {80B67C33-82DD-45C1-95FE-6D1E1947ABC4}
		{61BBA46B-5FA6-4C34-BA16-95061746B09A} = {B9CCE4F3-E9D8-428D-90D6-B8AA2635EC0D}
		{B609005F-A620-43BE-8BDD-754F2FD0A4EB} = {7416F6DA-72BC-4144-9600-76D6CE3596C1}
		{BE97728B-04BD-4E00-A04C-4E1041AD6987} = {70BA8410-7E66-4B67-9031-D6A1D1576A16}
		{F006F612-6179-4EF9-90BC-CCF92EE8EE4F} = {282EB987-2042-4562-BA01-278F979154A0}
	EndGlobalSection
EndGlobal
